// !$*UTF8*$!
{
	archiveVersion = 1;
	classes = {
	};
	objectVersion = 56;
	objects = {

/* Begin PBXBuildFile section */
		755AA1AC295AD4AC0006CD24 /* SellerPageInfoCell.swift in Sources */ = {isa = PBXBuildFile; fileRef = 755AA1AB295AD4AC0006CD24 /* SellerPageInfoCell.swift */; };
		757226152959EF0D00A2552D /* UIView+RoundSelectCorners.m in Sources */ = {isa = PBXBuildFile; fileRef = 757226142959EF0D00A2552D /* UIView+RoundSelectCorners.m */; };
		75B62F322954AB86007A7C6C /* SellerInfoTableViewCell.swift in Sources */ = {isa = PBXBuildFile; fileRef = 75B62F312954AB86007A7C6C /* SellerInfoTableViewCell.swift */; };
		75B62F342954AF29007A7C6C /* SellerModel.swift in Sources */ = {isa = PBXBuildFile; fileRef = 75B62F332954AF29007A7C6C /* SellerModel.swift */; };
		75B62F3A2955746C007A7C6C /* Color.swift in Sources */ = {isa = PBXBuildFile; fileRef = 75B62F392955746C007A7C6C /* Color.swift */; };
		75B62F442955B57C007A7C6C /* CabinetType.swift in Sources */ = {isa = PBXBuildFile; fileRef = 75B62F432955B57C007A7C6C /* CabinetType.swift */; };
		A2ED4D66295496F700AA7099 /* AppDelegate.swift in Sources */ = {isa = PBXBuildFile; fileRef = A2ED4D65295496F700AA7099 /* AppDelegate.swift */; };
		A2ED4D68295496F700AA7099 /* SceneDelegate.swift in Sources */ = {isa = PBXBuildFile; fileRef = A2ED4D67295496F700AA7099 /* SceneDelegate.swift */; };
		A2ED4D6A295496F700AA7099 /* StartViewController.swift in Sources */ = {isa = PBXBuildFile; fileRef = A2ED4D69295496F700AA7099 /* StartViewController.swift */; };
		A2ED4D6F295496F800AA7099 /* Assets.xcassets in Resources */ = {isa = PBXBuildFile; fileRef = A2ED4D6E295496F800AA7099 /* Assets.xcassets */; };
		A2ED4D72295496F800AA7099 /* LaunchScreen.storyboard in Resources */ = {isa = PBXBuildFile; fileRef = A2ED4D70295496F800AA7099 /* LaunchScreen.storyboard */; };
		A2ED4D7B295497FB00AA7099 /* SnapKit in Frameworks */ = {isa = PBXBuildFile; productRef = A2ED4D7A295497FB00AA7099 /* SnapKit */; };
		A2ED4D7F29549AED00AA7099 /* NikolaiFirstVC.swift in Sources */ = {isa = PBXBuildFile; fileRef = A2ED4D7E29549AED00AA7099 /* NikolaiFirstVC.swift */; };
		A2ED4D8129549B1100AA7099 /* TimurFirstVC.swift in Sources */ = {isa = PBXBuildFile; fileRef = A2ED4D8029549B1100AA7099 /* TimurFirstVC.swift */; };
/* End PBXBuildFile section */

/* Begin PBXFileReference section */
		755AA1AB295AD4AC0006CD24 /* SellerPageInfoCell.swift */ = {isa = PBXFileReference; lastKnownFileType = sourcecode.swift; path = SellerPageInfoCell.swift; sourceTree = "<group>"; };
		757226142959EF0D00A2552D /* UIView+RoundSelectCorners.m */ = {isa = PBXFileReference; lastKnownFileType = sourcecode.c.objc; path = "UIView+RoundSelectCorners.m"; sourceTree = "<group>"; };
		757226162959EF2800A2552D /* UIView+RoundSelectCorners.h */ = {isa = PBXFileReference; lastKnownFileType = sourcecode.c.h; path = "UIView+RoundSelectCorners.h"; sourceTree = "<group>"; };
		757226182959EFE300A2552D /* ProSaleSecondPart-Bridging-Header.h */ = {isa = PBXFileReference; lastKnownFileType = sourcecode.c.h; path = "ProSaleSecondPart-Bridging-Header.h"; sourceTree = "<group>"; };
		75B62F312954AB86007A7C6C /* SellerInfoTableViewCell.swift */ = {isa = PBXFileReference; lastKnownFileType = sourcecode.swift; path = SellerInfoTableViewCell.swift; sourceTree = "<group>"; };
		75B62F332954AF29007A7C6C /* SellerModel.swift */ = {isa = PBXFileReference; lastKnownFileType = sourcecode.swift; path = SellerModel.swift; sourceTree = "<group>"; };
		75B62F392955746C007A7C6C /* Color.swift */ = {isa = PBXFileReference; lastKnownFileType = sourcecode.swift; path = Color.swift; sourceTree = "<group>"; };
		75B62F432955B57C007A7C6C /* CabinetType.swift */ = {isa = PBXFileReference; lastKnownFileType = sourcecode.swift; path = CabinetType.swift; sourceTree = "<group>"; };
		A2ED4D62295496F700AA7099 /* ProSaleSecondPart.app */ = {isa = PBXFileReference; explicitFileType = wrapper.application; includeInIndex = 0; path = ProSaleSecondPart.app; sourceTree = BUILT_PRODUCTS_DIR; };
		A2ED4D65295496F700AA7099 /* AppDelegate.swift */ = {isa = PBXFileReference; lastKnownFileType = sourcecode.swift; path = AppDelegate.swift; sourceTree = "<group>"; };
		A2ED4D67295496F700AA7099 /* SceneDelegate.swift */ = {isa = PBXFileReference; lastKnownFileType = sourcecode.swift; path = SceneDelegate.swift; sourceTree = "<group>"; };
		A2ED4D69295496F700AA7099 /* StartViewController.swift */ = {isa = PBXFileReference; lastKnownFileType = sourcecode.swift; path = StartViewController.swift; sourceTree = "<group>"; };
		A2ED4D6E295496F800AA7099 /* Assets.xcassets */ = {isa = PBXFileReference; lastKnownFileType = folder.assetcatalog; path = Assets.xcassets; sourceTree = "<group>"; };
		A2ED4D71295496F800AA7099 /* Base */ = {isa = PBXFileReference; lastKnownFileType = file.storyboard; name = Base; path = Base.lproj/LaunchScreen.storyboard; sourceTree = "<group>"; };
		A2ED4D73295496F800AA7099 /* Info.plist */ = {isa = PBXFileReference; lastKnownFileType = text.plist.xml; path = Info.plist; sourceTree = "<group>"; };
		A2ED4D7E29549AED00AA7099 /* NikolaiFirstVC.swift */ = {isa = PBXFileReference; lastKnownFileType = sourcecode.swift; path = NikolaiFirstVC.swift; sourceTree = "<group>"; };
		A2ED4D8029549B1100AA7099 /* TimurFirstVC.swift */ = {isa = PBXFileReference; lastKnownFileType = sourcecode.swift; path = TimurFirstVC.swift; sourceTree = "<group>"; };
/* End PBXFileReference section */

/* Begin PBXFrameworksBuildPhase section */
		A2ED4D5F295496F700AA7099 /* Frameworks */ = {
			isa = PBXFrameworksBuildPhase;
			buildActionMask = 2147483647;
			files = (
				A2ED4D7B295497FB00AA7099 /* SnapKit in Frameworks */,
			);
			runOnlyForDeploymentPostprocessing = 0;
		};
/* End PBXFrameworksBuildPhase section */

/* Begin PBXGroup section */
		75B62F402955AA23007A7C6C /* Extensions */ = {
			isa = PBXGroup;
			children = (
				757226142959EF0D00A2552D /* UIView+RoundSelectCorners.m */,
				757226162959EF2800A2552D /* UIView+RoundSelectCorners.h */,
				75B62F392955746C007A7C6C /* Color.swift */,
			);
			path = Extensions;
			sourceTree = "<group>";
		};
		A2ED4D59295496F700AA7099 = {
			isa = PBXGroup;
			children = (
				757226182959EFE300A2552D /* ProSaleSecondPart-Bridging-Header.h */,
				A2ED4D64295496F700AA7099 /* ProSaleSecondPart */,
				A2ED4D63295496F700AA7099 /* Products */,
			);
			sourceTree = "<group>";
		};
		A2ED4D63295496F700AA7099 /* Products */ = {
			isa = PBXGroup;
			children = (
				A2ED4D62295496F700AA7099 /* ProSaleSecondPart.app */,
			);
			name = Products;
			sourceTree = "<group>";
		};
		A2ED4D64295496F700AA7099 /* ProSaleSecondPart */ = {
			isa = PBXGroup;
			children = (
				A2ED4D7D29549ABF00AA7099 /* Nikolai */,
				A2ED4D7C29549AB800AA7099 /* Timur */,
				A2ED4D65295496F700AA7099 /* AppDelegate.swift */,
				A2ED4D67295496F700AA7099 /* SceneDelegate.swift */,
				A2ED4D69295496F700AA7099 /* StartViewController.swift */,
				A2ED4D6E295496F800AA7099 /* Assets.xcassets */,
				A2ED4D70295496F800AA7099 /* LaunchScreen.storyboard */,
				A2ED4D73295496F800AA7099 /* Info.plist */,
			);
			path = ProSaleSecondPart;
			sourceTree = "<group>";
		};
		A2ED4D7C29549AB800AA7099 /* Timur */ = {
			isa = PBXGroup;
			children = (
				A2ED4D8029549B1100AA7099 /* TimurFirstVC.swift */,
				75B62F312954AB86007A7C6C /* SellerInfoTableViewCell.swift */,
				755AA1AB295AD4AC0006CD24 /* SellerPageInfoCell.swift */,
				75B62F332954AF29007A7C6C /* SellerModel.swift */,
				75B62F432955B57C007A7C6C /* CabinetType.swift */,
				75B62F402955AA23007A7C6C /* Extensions */,
			);
			path = Timur;
			sourceTree = "<group>";
		};
		A2ED4D7D29549ABF00AA7099 /* Nikolai */ = {
			isa = PBXGroup;
			children = (
				A2ED4D7E29549AED00AA7099 /* NikolaiFirstVC.swift */,
			);
			path = Nikolai;
			sourceTree = "<group>";
		};
/* End PBXGroup section */

/* Begin PBXNativeTarget section */
		A2ED4D61295496F700AA7099 /* ProSaleSecondPart */ = {
			isa = PBXNativeTarget;
			buildConfigurationList = A2ED4D76295496F800AA7099 /* Build configuration list for PBXNativeTarget "ProSaleSecondPart" */;
			buildPhases = (
				A2ED4D5E295496F700AA7099 /* Sources */,
				A2ED4D5F295496F700AA7099 /* Frameworks */,
				A2ED4D60295496F700AA7099 /* Resources */,
			);
			buildRules = (
			);
			dependencies = (
			);
			name = ProSaleSecondPart;
			packageProductDependencies = (
				A2ED4D7A295497FB00AA7099 /* SnapKit */,
			);
			productName = ProSaleSecondPart;
			productReference = A2ED4D62295496F700AA7099 /* ProSaleSecondPart.app */;
			productType = "com.apple.product-type.application";
		};
/* End PBXNativeTarget section */

/* Begin PBXProject section */
		A2ED4D5A295496F700AA7099 /* Project object */ = {
			isa = PBXProject;
			attributes = {
				BuildIndependentTargetsInParallel = 1;
				LastSwiftUpdateCheck = 1400;
				LastUpgradeCheck = 1400;
				TargetAttributes = {
					A2ED4D61295496F700AA7099 = {
						CreatedOnToolsVersion = 14.0;
						LastSwiftMigration = 1400;
					};
				};
			};
			buildConfigurationList = A2ED4D5D295496F700AA7099 /* Build configuration list for PBXProject "ProSaleSecondPart" */;
			compatibilityVersion = "Xcode 14.0";
			developmentRegion = en;
			hasScannedForEncodings = 0;
			knownRegions = (
				en,
				Base,
			);
			mainGroup = A2ED4D59295496F700AA7099;
			packageReferences = (
				A2ED4D79295497FB00AA7099 /* XCRemoteSwiftPackageReference "SnapKit" */,
			);
			productRefGroup = A2ED4D63295496F700AA7099 /* Products */;
			projectDirPath = "";
			projectRoot = "";
			targets = (
				A2ED4D61295496F700AA7099 /* ProSaleSecondPart */,
			);
		};
/* End PBXProject section */

/* Begin PBXResourcesBuildPhase section */
		A2ED4D60295496F700AA7099 /* Resources */ = {
			isa = PBXResourcesBuildPhase;
			buildActionMask = 2147483647;
			files = (
				A2ED4D72295496F800AA7099 /* LaunchScreen.storyboard in Resources */,
				A2ED4D6F295496F800AA7099 /* Assets.xcassets in Resources */,
			);
			runOnlyForDeploymentPostprocessing = 0;
		};
/* End PBXResourcesBuildPhase section */

/* Begin PBXSourcesBuildPhase section */
		A2ED4D5E295496F700AA7099 /* Sources */ = {
			isa = PBXSourcesBuildPhase;
			buildActionMask = 2147483647;
			files = (
				75B62F342954AF29007A7C6C /* SellerModel.swift in Sources */,
				75B62F322954AB86007A7C6C /* SellerInfoTableViewCell.swift in Sources */,
				755AA1AC295AD4AC0006CD24 /* SellerPageInfoCell.swift in Sources */,
				A2ED4D8129549B1100AA7099 /* TimurFirstVC.swift in Sources */,
				A2ED4D6A295496F700AA7099 /* StartViewController.swift in Sources */,
				75B62F442955B57C007A7C6C /* CabinetType.swift in Sources */,
				A2ED4D66295496F700AA7099 /* AppDelegate.swift in Sources */,
				757226152959EF0D00A2552D /* UIView+RoundSelectCorners.m in Sources */,
				75B62F3A2955746C007A7C6C /* Color.swift in Sources */,
				A2ED4D68295496F700AA7099 /* SceneDelegate.swift in Sources */,
				A2ED4D7F29549AED00AA7099 /* NikolaiFirstVC.swift in Sources */,
			);
			runOnlyForDeploymentPostprocessing = 0;
		};
/* End PBXSourcesBuildPhase section */

/* Begin PBXVariantGroup section */
		A2ED4D70295496F800AA7099 /* LaunchScreen.storyboard */ = {
			isa = PBXVariantGroup;
			children = (
				A2ED4D71295496F800AA7099 /* Base */,
			);
			name = LaunchScreen.storyboard;
			sourceTree = "<group>";
		};
/* End PBXVariantGroup section */

/* Begin XCBuildConfiguration section */
		A2ED4D74295496F800AA7099 /* Debug */ = {
			isa = XCBuildConfiguration;
			buildSettings = {
				ALWAYS_SEARCH_USER_PATHS = NO;
				CLANG_ANALYZER_NONNULL = YES;
				CLANG_ANALYZER_NUMBER_OBJECT_CONVERSION = YES_AGGRESSIVE;
				CLANG_CXX_LANGUAGE_STANDARD = "gnu++20";
				CLANG_ENABLE_MODULES = YES;
				CLANG_ENABLE_OBJC_ARC = YES;
				CLANG_ENABLE_OBJC_WEAK = YES;
				CLANG_WARN_BLOCK_CAPTURE_AUTORELEASING = YES;
				CLANG_WARN_BOOL_CONVERSION = YES;
				CLANG_WARN_COMMA = YES;
				CLANG_WARN_CONSTANT_CONVERSION = YES;
				CLANG_WARN_DEPRECATED_OBJC_IMPLEMENTATIONS = YES;
				CLANG_WARN_DIRECT_OBJC_ISA_USAGE = YES_ERROR;
				CLANG_WARN_DOCUMENTATION_COMMENTS = YES;
				CLANG_WARN_EMPTY_BODY = YES;
				CLANG_WARN_ENUM_CONVERSION = YES;
				CLANG_WARN_INFINITE_RECURSION = YES;
				CLANG_WARN_INT_CONVERSION = YES;
				CLANG_WARN_NON_LITERAL_NULL_CONVERSION = YES;
				CLANG_WARN_OBJC_IMPLICIT_RETAIN_SELF = YES;
				CLANG_WARN_OBJC_LITERAL_CONVERSION = YES;
				CLANG_WARN_OBJC_ROOT_CLASS = YES_ERROR;
				CLANG_WARN_QUOTED_INCLUDE_IN_FRAMEWORK_HEADER = YES;
				CLANG_WARN_RANGE_LOOP_ANALYSIS = YES;
				CLANG_WARN_STRICT_PROTOTYPES = YES;
				CLANG_WARN_SUSPICIOUS_MOVE = YES;
				CLANG_WARN_UNGUARDED_AVAILABILITY = YES_AGGRESSIVE;
				CLANG_WARN_UNREACHABLE_CODE = YES;
				CLANG_WARN__DUPLICATE_METHOD_MATCH = YES;
				COPY_PHASE_STRIP = NO;
				DEBUG_INFORMATION_FORMAT = dwarf;
				ENABLE_STRICT_OBJC_MSGSEND = YES;
				ENABLE_TESTABILITY = YES;
				GCC_C_LANGUAGE_STANDARD = gnu11;
				GCC_DYNAMIC_NO_PIC = NO;
				GCC_NO_COMMON_BLOCKS = YES;
				GCC_OPTIMIZATION_LEVEL = 0;
				GCC_PREPROCESSOR_DEFINITIONS = (
					"DEBUG=1",
					"$(inherited)",
				);
				GCC_WARN_64_TO_32_BIT_CONVERSION = YES;
				GCC_WARN_ABOUT_RETURN_TYPE = YES_ERROR;
				GCC_WARN_UNDECLARED_SELECTOR = YES;
				GCC_WARN_UNINITIALIZED_AUTOS = YES_AGGRESSIVE;
				GCC_WARN_UNUSED_FUNCTION = YES;
				GCC_WARN_UNUSED_VARIABLE = YES;
				IPHONEOS_DEPLOYMENT_TARGET = 16.0;
				MTL_ENABLE_DEBUG_INFO = INCLUDE_SOURCE;
				MTL_FAST_MATH = YES;
				ONLY_ACTIVE_ARCH = YES;
				SDKROOT = iphoneos;
				SWIFT_ACTIVE_COMPILATION_CONDITIONS = DEBUG;
				SWIFT_OPTIMIZATION_LEVEL = "-Onone";
			};
			name = Debug;
		};
		A2ED4D75295496F800AA7099 /* Release */ = {
			isa = XCBuildConfiguration;
			buildSettings = {
				ALWAYS_SEARCH_USER_PATHS = NO;
				CLANG_ANALYZER_NONNULL = YES;
				CLANG_ANALYZER_NUMBER_OBJECT_CONVERSION = YES_AGGRESSIVE;
				CLANG_CXX_LANGUAGE_STANDARD = "gnu++20";
				CLANG_ENABLE_MODULES = YES;
				CLANG_ENABLE_OBJC_ARC = YES;
				CLANG_ENABLE_OBJC_WEAK = YES;
				CLANG_WARN_BLOCK_CAPTURE_AUTORELEASING = YES;
				CLANG_WARN_BOOL_CONVERSION = YES;
				CLANG_WARN_COMMA = YES;
				CLANG_WARN_CONSTANT_CONVERSION = YES;
				CLANG_WARN_DEPRECATED_OBJC_IMPLEMENTATIONS = YES;
				CLANG_WARN_DIRECT_OBJC_ISA_USAGE = YES_ERROR;
				CLANG_WARN_DOCUMENTATION_COMMENTS = YES;
				CLANG_WARN_EMPTY_BODY = YES;
				CLANG_WARN_ENUM_CONVERSION = YES;
				CLANG_WARN_INFINITE_RECURSION = YES;
				CLANG_WARN_INT_CONVERSION = YES;
				CLANG_WARN_NON_LITERAL_NULL_CONVERSION = YES;
				CLANG_WARN_OBJC_IMPLICIT_RETAIN_SELF = YES;
				CLANG_WARN_OBJC_LITERAL_CONVERSION = YES;
				CLANG_WARN_OBJC_ROOT_CLASS = YES_ERROR;
				CLANG_WARN_QUOTED_INCLUDE_IN_FRAMEWORK_HEADER = YES;
				CLANG_WARN_RANGE_LOOP_ANALYSIS = YES;
				CLANG_WARN_STRICT_PROTOTYPES = YES;
				CLANG_WARN_SUSPICIOUS_MOVE = YES;
				CLANG_WARN_UNGUARDED_AVAILABILITY = YES_AGGRESSIVE;
				CLANG_WARN_UNREACHABLE_CODE = YES;
				CLANG_WARN__DUPLICATE_METHOD_MATCH = YES;
				COPY_PHASE_STRIP = NO;
				DEBUG_INFORMATION_FORMAT = "dwarf-with-dsym";
				ENABLE_NS_ASSERTIONS = NO;
				ENABLE_STRICT_OBJC_MSGSEND = YES;
				GCC_C_LANGUAGE_STANDARD = gnu11;
				GCC_NO_COMMON_BLOCKS = YES;
				GCC_WARN_64_TO_32_BIT_CONVERSION = YES;
				GCC_WARN_ABOUT_RETURN_TYPE = YES_ERROR;
				GCC_WARN_UNDECLARED_SELECTOR = YES;
				GCC_WARN_UNINITIALIZED_AUTOS = YES_AGGRESSIVE;
				GCC_WARN_UNUSED_FUNCTION = YES;
				GCC_WARN_UNUSED_VARIABLE = YES;
				IPHONEOS_DEPLOYMENT_TARGET = 16.0;
				MTL_ENABLE_DEBUG_INFO = NO;
				MTL_FAST_MATH = YES;
				SDKROOT = iphoneos;
				SWIFT_COMPILATION_MODE = wholemodule;
				SWIFT_OPTIMIZATION_LEVEL = "-O";
				VALIDATE_PRODUCT = YES;
			};
			name = Release;
		};
		A2ED4D77295496F800AA7099 /* Debug */ = {
			isa = XCBuildConfiguration;
			buildSettings = {
				ASSETCATALOG_COMPILER_APPICON_NAME = AppIcon;
				ASSETCATALOG_COMPILER_GLOBAL_ACCENT_COLOR_NAME = AccentColor;
				CLANG_ENABLE_MODULES = YES;
				CODE_SIGN_STYLE = Automatic;
				CURRENT_PROJECT_VERSION = 1;
				GENERATE_INFOPLIST_FILE = YES;
				INFOPLIST_FILE = ProSaleSecondPart/Info.plist;
				INFOPLIST_KEY_UIApplicationSupportsIndirectInputEvents = YES;
				INFOPLIST_KEY_UILaunchStoryboardName = LaunchScreen;
				INFOPLIST_KEY_UISupportedInterfaceOrientations = UIInterfaceOrientationPortrait;
				INFOPLIST_KEY_UISupportedInterfaceOrientations_iPad = "UIInterfaceOrientationLandscapeLeft UIInterfaceOrientationLandscapeRight UIInterfaceOrientationPortrait UIInterfaceOrientationPortraitUpsideDown";
				IPHONEOS_DEPLOYMENT_TARGET = 13.0;
				LD_RUNPATH_SEARCH_PATHS = (
					"$(inherited)",
					"@executable_path/Frameworks",
				);
				MARKETING_VERSION = 1.0;
				PRODUCT_BUNDLE_IDENTIFIER = ttt.ProSaleSecondPart;
				PRODUCT_NAME = "$(TARGET_NAME)";
				SUPPORTED_PLATFORMS = "iphoneos iphonesimulator";
				SUPPORTS_MACCATALYST = NO;
				SUPPORTS_MAC_DESIGNED_FOR_IPHONE_IPAD = NO;
				SWIFT_EMIT_LOC_STRINGS = YES;
				SWIFT_OBJC_BRIDGING_HEADER = "ProSaleSecondPart-Bridging-Header.h";
				SWIFT_OPTIMIZATION_LEVEL = "-Onone";
				SWIFT_VERSION = 5.0;
				TARGETED_DEVICE_FAMILY = 1;
			};
			name = Debug;
		};
		A2ED4D78295496F800AA7099 /* Release */ = {
			isa = XCBuildConfiguration;
			buildSettings = {
				ASSETCATALOG_COMPILER_APPICON_NAME = AppIcon;
				ASSETCATALOG_COMPILER_GLOBAL_ACCENT_COLOR_NAME = AccentColor;
				CLANG_ENABLE_MODULES = YES;
				CODE_SIGN_STYLE = Automatic;
				CURRENT_PROJECT_VERSION = 1;
				GENERATE_INFOPLIST_FILE = YES;
				INFOPLIST_FILE = ProSaleSecondPart/Info.plist;
				INFOPLIST_KEY_UIApplicationSupportsIndirectInputEvents = YES;
				INFOPLIST_KEY_UILaunchStoryboardName = LaunchScreen;
				INFOPLIST_KEY_UISupportedInterfaceOrientations = UIInterfaceOrientationPortrait;
				INFOPLIST_KEY_UISupportedInterfaceOrientations_iPad = "UIInterfaceOrientationLandscapeLeft UIInterfaceOrientationLandscapeRight UIInterfaceOrientationPortrait UIInterfaceOrientationPortraitUpsideDown";
				IPHONEOS_DEPLOYMENT_TARGET = 13.0;
				LD_RUNPATH_SEARCH_PATHS = (
					"$(inherited)",
					"@executable_path/Frameworks",
				);
				MARKETING_VERSION = 1.0;
				PRODUCT_BUNDLE_IDENTIFIER = ttt.ProSaleSecondPart;
				PRODUCT_NAME = "$(TARGET_NAME)";
				SUPPORTED_PLATFORMS = "iphoneos iphonesimulator";
				SUPPORTS_MACCATALYST = NO;
				SUPPORTS_MAC_DESIGNED_FOR_IPHONE_IPAD = NO;
				SWIFT_EMIT_LOC_STRINGS = YES;
				SWIFT_OBJC_BRIDGING_HEADER = "ProSaleSecondPart-Bridging-Header.h";
				SWIFT_VERSION = 5.0;
				TARGETED_DEVICE_FAMILY = 1;
			};
			name = Release;
		};
/* End XCBuildConfiguration section */

/* Begin XCConfigurationList section */
		A2ED4D5D295496F700AA7099 /* Build configuration list for PBXProject "ProSaleSecondPart" */ = {
			isa = XCConfigurationList;
			buildConfigurations = (
				A2ED4D74295496F800AA7099 /* Debug */,
				A2ED4D75295496F800AA7099 /* Release */,
			);
			defaultConfigurationIsVisible = 0;
			defaultConfigurationName = Release;
		};
		A2ED4D76295496F800AA7099 /* Build configuration list for PBXNativeTarget "ProSaleSecondPart" */ = {
			isa = XCConfigurationList;
			buildConfigurations = (
				A2ED4D77295496F800AA7099 /* Debug */,
				A2ED4D78295496F800AA7099 /* Release */,
			);
			defaultConfigurationIsVisible = 0;
			defaultConfigurationName = Release;
		};
/* End XCConfigurationList section */

/* Begin XCRemoteSwiftPackageReference section */
		A2ED4D79295497FB00AA7099 /* XCRemoteSwiftPackageReference "SnapKit" */ = {
			isa = XCRemoteSwiftPackageReference;
			repositoryURL = "https://github.com/SnapKit/SnapKit.git";
			requirement = {
				branch = develop;
				kind = branch;
			};
		};
/* End XCRemoteSwiftPackageReference section */

/* Begin XCSwiftPackageProductDependency section */
		A2ED4D7A295497FB00AA7099 /* SnapKit */ = {
			isa = XCSwiftPackageProductDependency;
			package = A2ED4D79295497FB00AA7099 /* XCRemoteSwiftPackageReference "SnapKit" */;
			productName = SnapKit;
		};
/* End XCSwiftPackageProductDependency section */
	};
	rootObject = A2ED4D5A295496F700AA7099 /* Project object */;
}
